
Microsoft Visual Studio Solution File, Format Version 12.00
# Visual Studio Version 17
VisualStudioVersion = 17.14.37111.16 d17.14
MinimumVisualStudioVersion = 10.0.40219.1
Project("{54A90642-561A-4BB1-A94E-469ADEE60C69}") = "urladaptor.client", "urladaptor.client\urladaptor.client.esproj", "{C87EBECD-6771-EE61-6A16-AF61DB6F15D6}"
EndProject
Project("{FAE04EC0-301F-11D3-BF4B-00C04F79EFBC}") = "UrlAdaptor.Server", "UrlAdaptor.Server\UrlAdaptor.Server.csproj", "{00BDA93A-E048-4497-84F1-19513AF28399}"
EndProject
Global
	GlobalSection(SolutionConfigurationPlatforms) = preSolution
		Debug|Any CPU = Debug|Any CPU
		Release|Any CPU = Release|Any CPU
	EndGlobalSection
	GlobalSection(ProjectConfigurationPlatforms) = postSolution
		{C87EBECD-6771-EE61-6A16-AF61DB6F15D6}.Debug|Any CPU.ActiveCfg = Debug|Any CPU
		{C87EBECD-6771-EE61-6A16-AF61DB6F15D6}.Debug|Any CPU.Build.0 = Debug|Any CPU
		{C87EBECD-6771-EE61-6A16-AF61DB6F15D6}.Debug|Any CPU.Deploy.0 = Debug|Any CPU
		{C87EBECD-6771-EE61-6A16-AF61DB6F15D6}.Release|Any CPU.ActiveCfg = Release|Any CPU
		{C87EBECD-6771-EE61-6A16-AF61DB6F15D6}.Release|Any CPU.Build.0 = Release|Any CPU
		{C87EBECD-6771-EE61-6A16-AF61DB6F15D6}.Release|Any CPU.Deploy.0 = Release|Any CPU
		{00BDA93A-E048-4497-84F1-19513AF28399}.Debug|Any CPU.ActiveCfg = Debug|Any CPU
		{00BDA93A-E048-4497-84F1-19513AF28399}.Debug|Any CPU.Build.0 = Debug|Any CPU
		{00BDA93A-E048-4497-84F1-19513AF28399}.Release|Any CPU.ActiveCfg = Release|Any CPU
		{00BDA93A-E048-4497-84F1-19513AF28399}.Release|Any CPU.Build.0 = Release|Any CPU
	EndGlobalSection
	GlobalSection(SolutionProperties) = preSolution
		HideSolutionNode = FALSE
	EndGlobalSection
	GlobalSection(ExtensibilityGlobals) = postSolution
		SolutionGuid = {E214BE88-C932-4260-B1B5-24CF976EA9AA}
	EndGlobalSection
EndGlobal
